
Microsoft Visual Studio Solution File, Format Version 12.00
# Visual Studio 15
VisualStudioVersion = 15.0.26124.0
MinimumVisualStudioVersion = 15.0.26124.0
Project("{2150E333-8FDC-42A3-9474-1A3956D46DE8}") = "src", "src", "{B8E23FEA-2084-4846-B4A9-2AB417084C86}"
EndProject
Project("{FAE04EC0-301F-11D3-BF4B-00C04F79EFBC}") = "CommandAPI", "src\CommandAPI\CommandAPI.csproj", "{74D237FF-BBCB-4283-A75A-A306F79688F0}"
EndProject
Project("{2150E333-8FDC-42A3-9474-1A3956D46DE8}") = "test", "test", "{DD7E3EF9-35C5-4468-85E2-4065490B13F9}"
EndProject
Project("{FAE04EC0-301F-11D3-BF4B-00C04F79EFBC}") = "CommandAPI.Tests", "test\CommandAPI.Tests\CommandAPI.Tests.csproj", "{5BE62F7F-CF9F-448D-8D9A-8B64AA1A5496}"
EndProject
Global
	GlobalSection(SolutionConfigurationPlatforms) = preSolution
		Debug|Any CPU = Debug|Any CPU
		Debug|x64 = Debug|x64
		Debug|x86 = Debug|x86
		Release|Any CPU = Release|Any CPU
		Release|x64 = Release|x64
		Release|x86 = Release|x86
	EndGlobalSection
	GlobalSection(SolutionProperties) = preSolution
		HideSolutionNode = FALSE
	EndGlobalSection
	GlobalSection(ProjectConfigurationPlatforms) = postSolution
		{74D237FF-BBCB-4283-A75A-A306F79688F0}.Debug|Any CPU.ActiveCfg = Debug|Any CPU
		{74D237FF-BBCB-4283-A75A-A306F79688F0}.Debug|Any CPU.Build.0 = Debug|Any CPU
		{74D237FF-BBCB-4283-A75A-A306F79688F0}.Debug|x64.ActiveCfg = Debug|Any CPU
		{74D237FF-BBCB-4283-A75A-A306F79688F0}.Debug|x64.Build.0 = Debug|Any CPU
		{74D237FF-BBCB-4283-A75A-A306F79688F0}.Debug|x86.ActiveCfg = Debug|Any CPU
		{74D237FF-BBCB-4283-A75A-A306F79688F0}.Debug|x86.Build.0 = Debug|Any CPU
		{74D237FF-BBCB-4283-A75A-A306F79688F0}.Release|Any CPU.ActiveCfg = Release|Any CPU
		{74D237FF-BBCB-4283-A75A-A306F79688F0}.Release|Any CPU.Build.0 = Release|Any CPU
		{74D237FF-BBCB-4283-A75A-A306F79688F0}.Release|x64.ActiveCfg = Release|Any CPU
		{74D237FF-BBCB-4283-A75A-A306F79688F0}.Release|x64.Build.0 = Release|Any CPU
		{74D237FF-BBCB-4283-A75A-A306F79688F0}.Release|x86.ActiveCfg = Release|Any CPU
		{74D237FF-BBCB-4283-A75A-A306F79688F0}.Release|x86.Build.0 = Release|Any CPU
		{5BE62F7F-CF9F-448D-8D9A-8B64AA1A5496}.Debug|Any CPU.ActiveCfg = Debug|Any CPU
		{5BE62F7F-CF9F-448D-8D9A-8B64AA1A5496}.Debug|Any CPU.Build.0 = Debug|Any CPU
		{5BE62F7F-CF9F-448D-8D9A-8B64AA1A5496}.Debug|x64.ActiveCfg = Debug|Any CPU
		{5BE62F7F-CF9F-448D-8D9A-8B64AA1A5496}.Debug|x64.Build.0 = Debug|Any CPU
		{5BE62F7F-CF9F-448D-8D9A-8B64AA1A5496}.Debug|x86.ActiveCfg = Debug|Any CPU
		{5BE62F7F-CF9F-448D-8D9A-8B64AA1A5496}.Debug|x86.Build.0 = Debug|Any CPU
		{5BE62F7F-CF9F-448D-8D9A-8B64AA1A5496}.Release|Any CPU.ActiveCfg = Release|Any CPU
		{5BE62F7F-CF9F-448D-8D9A-8B64AA1A5496}.Release|Any CPU.Build.0 = Release|Any CPU
		{5BE62F7F-CF9F-448D-8D9A-8B64AA1A5496}.Release|x64.ActiveCfg = Release|Any CPU
		{5BE62F7F-CF9F-448D-8D9A-8B64AA1A5496}.Release|x64.Build.0 = Release|Any CPU
		{5BE62F7F-CF9F-448D-8D9A-8B64AA1A5496}.Release|x86.ActiveCfg = Release|Any CPU
		{5BE62F7F-CF9F-448D-8D9A-8B64AA1A5496}.Release|x86.Build.0 = Release|Any CPU
	EndGlobalSection
	GlobalSection(NestedProjects) = preSolution
		{74D237FF-BBCB-4283-A75A-A306F79688F0} = {B8E23FEA-2084-4846-B4A9-2AB417084C86}
		{5BE62F7F-CF9F-448D-8D9A-8B64AA1A5496} = {DD7E3EF9-35C5-4468-85E2-4065490B13F9}
	EndGlobalSection
EndGlobal
